
Microsoft Visual Studio Solution File, Format Version 12.00
# Visual Studio Version 16
VisualStudioVersion = 16.0.31729.503
MinimumVisualStudioVersion = 10.0.40219.1
Project("{FAE04EC0-301F-11D3-BF4B-00C04F79EFBC}") = "ServerConfigMtk-P2-044", "ServerConfigMtk-P2-044\ServerConfigMtk-P2-044.csproj", "{651F1252-3869-44C7-AD1F-BF24B8E27D26}"
EndProject
Global
	GlobalSection(SolutionConfigurationPlatforms) = preSolution
		Debug|Any CPU = Debug|Any CPU
		Release|Any CPU = Release|Any CPU
	EndGlobalSection
	GlobalSection(ProjectConfigurationPlatforms) = postSolution
		{651F1252-3869-44C7-AD1F-BF24B8E27D26}.Debug|Any CPU.ActiveCfg = Debug|Any CPU
		{651F1252-3869-44C7-AD1F-BF24B8E27D26}.Debug|Any CPU.Build.0 = Debug|Any CPU
		{651F1252-3869-44C7-AD1F-BF24B8E27D26}.Release|Any CPU.ActiveCfg = Release|Any CPU
		{651F1252-3869-44C7-AD1F-BF24B8E27D26}.Release|Any CPU.Build.0 = Release|Any CPU
	EndGlobalSection
	GlobalSection(SolutionProperties) = preSolution
		HideSolutionNode = FALSE
	EndGlobalSection
	GlobalSection(ExtensibilityGlobals) = postSolution
		SolutionGuid = {44CB22CD-19B8-44E5-8036-AB0C94AFC98F}
	EndGlobalSection
EndGlobal
